
Microsoft Visual Studio Solution File, Format Version 12.00
# Visual Studio Version 17
VisualStudioVersion = 17.14.36518.9 d17.14
MinimumVisualStudioVersion = 10.0.40219.1
Project("{FAE04EC0-301F-11D3-BF4B-00C04F79EFBC}") = "StreamMediaElement", "StreamMediaElement.csproj", "{6456B82D-06FE-4763-8B7D-A126FAE62C59}"
EndProject
Global
	GlobalSection(SolutionConfigurationPlatforms) = preSolution
		Debug|Any CPU = Debug|Any CPU
		Release|Any CPU = Release|Any CPU
	EndGlobalSection
	GlobalSection(ProjectConfigurationPlatforms) = postSolution
		{6456B82D-06FE-4763-8B7D-A126FAE62C59}.Debug|Any CPU.ActiveCfg = Debug|Any CPU
		{6456B82D-06FE-4763-8B7D-A126FAE62C59}.Debug|Any CPU.Build.0 = Debug|Any CPU
		{6456B82D-06FE-4763-8B7D-A126FAE62C59}.Release|Any CPU.ActiveCfg = Release|Any CPU
		{6456B82D-06FE-4763-8B7D-A126FAE62C59}.Release|Any CPU.Build.0 = Release|Any CPU
	EndGlobalSection
	GlobalSection(SolutionProperties) = preSolution
		HideSolutionNode = FALSE
	EndGlobalSection
	GlobalSection(ExtensibilityGlobals) = postSolution
		SolutionGuid = {8F35E757-1B7F-4D8B-995A-B2E8224EE6C0}
	EndGlobalSection
EndGlobal
